{
    "_meta": {
        "hash": {
            "sha256": "ede6204b7576ba69e6fb1c4c7f247180ca9959f8fb070f2f1b3994618712b582"
        },
        "pipfile-spec": 6,
        "requires": {
            "python_full_version": "3.9.*",
            "python_version": "3.9"
        },
        "sources": [
            {
                "name": "pypi",
                "url": "https://pypi.org/simple",
                "verify_ssl": true
            }
        ]
    },
    "default": {},
    "develop": {}
}
